
Microsoft Visual Studio Solution File, Format Version 12.00
# Visual Studio Version 16
VisualStudioVersion = 16.0.29230.47
MinimumVisualStudioVersion = 10.0.40219.1
Project("{9A19103F-16F7-4668-BE54-9A1E7A4F7556}") = "ZipCodeLookup", "ZipCodeLookupUI\ZipCodeLookup.csproj", "{1252105E-B326-4403-996D-809B203B3FD2}"
EndProject
Global
	GlobalSection(SolutionConfigurationPlatforms) = preSolution
		Debug|Any CPU = Debug|Any CPU
		Release|Any CPU = Release|Any CPU
	EndGlobalSection
	GlobalSection(ProjectConfigurationPlatforms) = postSolution
		{1252105E-B326-4403-996D-809B203B3FD2}.Debug|Any CPU.ActiveCfg = Debug|Any CPU
		{1252105E-B326-4403-996D-809B203B3FD2}.Debug|Any CPU.Build.0 = Debug|Any CPU
		{1252105E-B326-4403-996D-809B203B3FD2}.Release|Any CPU.ActiveCfg = Release|Any CPU
		{1252105E-B326-4403-996D-809B203B3FD2}.Release|Any CPU.Build.0 = Release|Any CPU
	EndGlobalSection
	GlobalSection(SolutionProperties) = preSolution
		HideSolutionNode = FALSE
	EndGlobalSection
	GlobalSection(ExtensibilityGlobals) = postSolution
		SolutionGuid = {58E2A376-D7B7-4C9D-A4CA-D23859DFDEB6}
	EndGlobalSection
EndGlobal
